
Microsoft Visual Studio Solution File, Format Version 12.00
# Visual Studio Version 17
VisualStudioVersion = 17.13.35825.156 d17.13
MinimumVisualStudioVersion = 10.0.40219.1
Project("{FAE04EC0-301F-11D3-BF4B-00C04F79EFBC}") = "u22710362_HW2", "u22710362_HW2.csproj", "{8126F5DE-77F1-4247-B3E6-4D4C56A451ED}"
EndProject
Global
	GlobalSection(SolutionConfigurationPlatforms) = preSolution
		Debug|Any CPU = Debug|Any CPU
		Release|Any CPU = Release|Any CPU
	EndGlobalSection
	GlobalSection(ProjectConfigurationPlatforms) = postSolution
		{8126F5DE-77F1-4247-B3E6-4D4C56A451ED}.Debug|Any CPU.ActiveCfg = Debug|Any CPU
		{8126F5DE-77F1-4247-B3E6-4D4C56A451ED}.Debug|Any CPU.Build.0 = Debug|Any CPU
		{8126F5DE-77F1-4247-B3E6-4D4C56A451ED}.Release|Any CPU.ActiveCfg = Release|Any CPU
		{8126F5DE-77F1-4247-B3E6-4D4C56A451ED}.Release|Any CPU.Build.0 = Release|Any CPU
	EndGlobalSection
	GlobalSection(SolutionProperties) = preSolution
		HideSolutionNode = FALSE
	EndGlobalSection
	GlobalSection(ExtensibilityGlobals) = postSolution
		SolutionGuid = {140D2717-2463-423C-9DB6-1F4B5E58B3CC}
	EndGlobalSection
EndGlobal
